
Microsoft Visual Studio Solution File, Format Version 12.00
# Visual Studio Version 16
VisualStudioVersion = 16.0.31112.23
MinimumVisualStudioVersion = 10.0.40219.1
Project("{2150E333-8FDC-42A3-9474-1A3956D46DE8}") = "10_Presentation", "10_Presentation", "{87133F61-82D0-415E-A51C-7E0D26C7CB88}"
EndProject
Project("{2150E333-8FDC-42A3-9474-1A3956D46DE8}") = "20_Domain", "20_Domain", "{6B6308E7-21E4-447D-B56C-7827782D8706}"
EndProject
Project("{2150E333-8FDC-42A3-9474-1A3956D46DE8}") = "30_Accesses", "30_Accesses", "{3867F976-0328-43FE-BD99-9C162EE84ED4}"
EndProject
Project("{2150E333-8FDC-42A3-9474-1A3956D46DE8}") = "40_Shared", "40_Shared", "{AFD6D824-9B7D-4E24-A3C5-DD1EC2199DCC}"
EndProject
Project("{2150E333-8FDC-42A3-9474-1A3956D46DE8}") = "50_Test", "50_Test", "{D339E8AB-0376-4F95-9264-137B9AEA29C4}"
EndProject
Project("{9A19103F-16F7-4668-BE54-9A1E7A4F7556}") = "HolePunch", "HolePunch\HolePunch.csproj", "{78E28C27-0D6D-4A98-B0E3-173525DC9E9B}"
EndProject
Project("{9A19103F-16F7-4668-BE54-9A1E7A4F7556}") = "HolePunch.Accesses.Proxies", "HolePunch.Accesses.Proxies\HolePunch.Accesses.Proxies.csproj", "{8A7D770D-653E-412E-B40B-2D6F8A96CB47}"
EndProject
Project("{9A19103F-16F7-4668-BE54-9A1E7A4F7556}") = "HolePunch.Accesses.Repositories", "HolePunch.Accesses.Repositories\HolePunch.Accesses.Repositories.csproj", "{E368D501-D54C-43CA-9EF5-2ECDEE1795B6}"
EndProject
Project("{9A19103F-16F7-4668-BE54-9A1E7A4F7556}") = "HolePunch.Accesses", "HolePunch.Accesses\HolePunch.Accesses.csproj", "{447888C5-688B-4894-B4B6-AE5C614B65B5}"
EndProject
Project("{9A19103F-16F7-4668-BE54-9A1E7A4F7556}") = "HolePunch.Web", "HolePunch.Web\HolePunch.Web.csproj", "{FC6CD438-2A9A-4208-ABC0-FB53A93FCDBF}"
EndProject
Project("{E53339B2-1760-4266-BCC7-CA923CBCF16C}") = "docker-compose", "docker-compose.dcproj", "{9395CBB4-4F29-4CAE-BC0B-3ED1B4A80EC6}"
EndProject
Project("{2150E333-8FDC-42A3-9474-1A3956D46DE8}") = "60_Deployment", "60_Deployment", "{254BC4B8-CBF0-41D0-9FF3-1D9CC93FF745}"
EndProject
Project("{FAE04EC0-301F-11D3-BF4B-00C04F79EFBC}") = "HolePunch.Accesses.Proxies.TestConsole", "HolePunch.Accesses.Proxies.TestConsole\HolePunch.Accesses.Proxies.TestConsole.csproj", "{8B80B3AF-3BF8-483D-9B52-4DD1AC694786}"
EndProject
Global
	GlobalSection(SolutionConfigurationPlatforms) = preSolution
		Debug|Any CPU = Debug|Any CPU
		Release|Any CPU = Release|Any CPU
	EndGlobalSection
	GlobalSection(ProjectConfigurationPlatforms) = postSolution
		{78E28C27-0D6D-4A98-B0E3-173525DC9E9B}.Debug|Any CPU.ActiveCfg = Debug|Any CPU
		{78E28C27-0D6D-4A98-B0E3-173525DC9E9B}.Debug|Any CPU.Build.0 = Debug|Any CPU
		{78E28C27-0D6D-4A98-B0E3-173525DC9E9B}.Release|Any CPU.ActiveCfg = Release|Any CPU
		{78E28C27-0D6D-4A98-B0E3-173525DC9E9B}.Release|Any CPU.Build.0 = Release|Any CPU
		{8A7D770D-653E-412E-B40B-2D6F8A96CB47}.Debug|Any CPU.ActiveCfg = Debug|Any CPU
		{8A7D770D-653E-412E-B40B-2D6F8A96CB47}.Debug|Any CPU.Build.0 = Debug|Any CPU
		{8A7D770D-653E-412E-B40B-2D6F8A96CB47}.Release|Any CPU.ActiveCfg = Release|Any CPU
		{8A7D770D-653E-412E-B40B-2D6F8A96CB47}.Release|Any CPU.Build.0 = Release|Any CPU
		{E368D501-D54C-43CA-9EF5-2ECDEE1795B6}.Debug|Any CPU.ActiveCfg = Debug|Any CPU
		{E368D501-D54C-43CA-9EF5-2ECDEE1795B6}.Debug|Any CPU.Build.0 = Debug|Any CPU
		{E368D501-D54C-43CA-9EF5-2ECDEE1795B6}.Release|Any CPU.ActiveCfg = Release|Any CPU
		{E368D501-D54C-43CA-9EF5-2ECDEE1795B6}.Release|Any CPU.Build.0 = Release|Any CPU
		{447888C5-688B-4894-B4B6-AE5C614B65B5}.Debug|Any CPU.ActiveCfg = Debug|Any CPU
		{447888C5-688B-4894-B4B6-AE5C614B65B5}.Debug|Any CPU.Build.0 = Debug|Any CPU
		{447888C5-688B-4894-B4B6-AE5C614B65B5}.Release|Any CPU.ActiveCfg = Release|Any CPU
		{447888C5-688B-4894-B4B6-AE5C614B65B5}.Release|Any CPU.Build.0 = Release|Any CPU
		{FC6CD438-2A9A-4208-ABC0-FB53A93FCDBF}.Debug|Any CPU.ActiveCfg = Debug|Any CPU
		{FC6CD438-2A9A-4208-ABC0-FB53A93FCDBF}.Debug|Any CPU.Build.0 = Debug|Any CPU
		{FC6CD438-2A9A-4208-ABC0-FB53A93FCDBF}.Release|Any CPU.ActiveCfg = Release|Any CPU
		{FC6CD438-2A9A-4208-ABC0-FB53A93FCDBF}.Release|Any CPU.Build.0 = Release|Any CPU
		{9395CBB4-4F29-4CAE-BC0B-3ED1B4A80EC6}.Debug|Any CPU.ActiveCfg = Debug|Any CPU
		{9395CBB4-4F29-4CAE-BC0B-3ED1B4A80EC6}.Debug|Any CPU.Build.0 = Debug|Any CPU
		{9395CBB4-4F29-4CAE-BC0B-3ED1B4A80EC6}.Release|Any CPU.ActiveCfg = Release|Any CPU
		{9395CBB4-4F29-4CAE-BC0B-3ED1B4A80EC6}.Release|Any CPU.Build.0 = Release|Any CPU
		{8B80B3AF-3BF8-483D-9B52-4DD1AC694786}.Debug|Any CPU.ActiveCfg = Debug|Any CPU
		{8B80B3AF-3BF8-483D-9B52-4DD1AC694786}.Debug|Any CPU.Build.0 = Debug|Any CPU
		{8B80B3AF-3BF8-483D-9B52-4DD1AC694786}.Release|Any CPU.ActiveCfg = Release|Any CPU
		{8B80B3AF-3BF8-483D-9B52-4DD1AC694786}.Release|Any CPU.Build.0 = Release|Any CPU
	EndGlobalSection
	GlobalSection(SolutionProperties) = preSolution
		HideSolutionNode = FALSE
	EndGlobalSection
	GlobalSection(NestedProjects) = preSolution
		{78E28C27-0D6D-4A98-B0E3-173525DC9E9B} = {6B6308E7-21E4-447D-B56C-7827782D8706}
		{8A7D770D-653E-412E-B40B-2D6F8A96CB47} = {3867F976-0328-43FE-BD99-9C162EE84ED4}
		{E368D501-D54C-43CA-9EF5-2ECDEE1795B6} = {3867F976-0328-43FE-BD99-9C162EE84ED4}
		{447888C5-688B-4894-B4B6-AE5C614B65B5} = {3867F976-0328-43FE-BD99-9C162EE84ED4}
		{FC6CD438-2A9A-4208-ABC0-FB53A93FCDBF} = {87133F61-82D0-415E-A51C-7E0D26C7CB88}
		{9395CBB4-4F29-4CAE-BC0B-3ED1B4A80EC6} = {254BC4B8-CBF0-41D0-9FF3-1D9CC93FF745}
		{8B80B3AF-3BF8-483D-9B52-4DD1AC694786} = {D339E8AB-0376-4F95-9264-137B9AEA29C4}
	EndGlobalSection
	GlobalSection(ExtensibilityGlobals) = postSolution
		SolutionGuid = {9EF2DC26-61C2-408E-AD7D-B732A4011449}
	EndGlobalSection
EndGlobal
